// !$*UTF8*$!
{
	archiveVersion = 1;
	classes = {
	};
	objectVersion = 56;
	objects = {

/* Begin PBXBuildFile section */
		FF83D9DA2A3BA0FA000AF595 /* AppDelegate.swift in Sources */ = {isa = PBXBuildFile; fileRef = FF83D9D92A3BA0FA000AF595 /* AppDelegate.swift */; };
		FF83D9DC2A3BA0FA000AF595 /* SceneDelegate.swift in Sources */ = {isa = PBXBuildFile; fileRef = FF83D9DB2A3BA0FA000AF595 /* SceneDelegate.swift */; };
		FF83D9DE2A3BA0FA000AF595 /* ViewController.swift in Sources */ = {isa = PBXBuildFile; fileRef = FF83D9DD2A3BA0FA000AF595 /* ViewController.swift */; };
		FF83D9E12A3BA0FA000AF595 /* Main.storyboard in Resources */ = {isa = PBXBuildFile; fileRef = FF83D9DF2A3BA0FA000AF595 /* Main.storyboard */; };
		FF83D9E32A3BA0FB000AF595 /* Assets.xcassets in Resources */ = {isa = PBXBuildFile; fileRef = FF83D9E22A3BA0FB000AF595 /* Assets.xcassets */; };
		FF83D9E62A3BA0FB000AF595 /* LaunchScreen.storyboard in Resources */ = {isa = PBXBuildFile; fileRef = FF83D9E42A3BA0FB000AF595 /* LaunchScreen.storyboard */; };
		FF83D9EE2A3BA12E000AF595 /* AppUserDefaults.swift in Sources */ = {isa = PBXBuildFile; fileRef = FF83D9ED2A3BA12E000AF595 /* AppUserDefaults.swift */; };
		FF83D9F02A3BA17E000AF595 /* UserDefaultsPropertyWrapper.swift in Sources */ = {isa = PBXBuildFile; fileRef = FF83D9EF2A3BA17E000AF595 /* UserDefaultsPropertyWrapper.swift */; };
		FF83D9F32A3BA21A000AF595 /* UserDefaultsObservation.swift in Sources */ = {isa = PBXBuildFile; fileRef = FF83D9F22A3BA21A000AF595 /* UserDefaultsObservation.swift */; };
/* End PBXBuildFile section */

/* Begin PBXFileReference section */
		FF83D9D62A3BA0FA000AF595 /* UserDefaultsAbstractionLayer.app */ = {isa = PBXFileReference; explicitFileType = wrapper.application; includeInIndex = 0; path = UserDefaultsAbstractionLayer.app; sourceTree = BUILT_PRODUCTS_DIR; };
		FF83D9D92A3BA0FA000AF595 /* AppDelegate.swift */ = {isa = PBXFileReference; lastKnownFileType = sourcecode.swift; path = AppDelegate.swift; sourceTree = "<group>"; };
		FF83D9DB2A3BA0FA000AF595 /* SceneDelegate.swift */ = {isa = PBXFileReference; lastKnownFileType = sourcecode.swift; path = SceneDelegate.swift; sourceTree = "<group>"; };
		FF83D9DD2A3BA0FA000AF595 /* ViewController.swift */ = {isa = PBXFileReference; lastKnownFileType = sourcecode.swift; path = ViewController.swift; sourceTree = "<group>"; };
		FF83D9E02A3BA0FA000AF595 /* Base */ = {isa = PBXFileReference; lastKnownFileType = file.storyboard; name = Base; path = Base.lproj/Main.storyboard; sourceTree = "<group>"; };
		FF83D9E22A3BA0FB000AF595 /* Assets.xcassets */ = {isa = PBXFileReference; lastKnownFileType = folder.assetcatalog; path = Assets.xcassets; sourceTree = "<group>"; };
		FF83D9E52A3BA0FB000AF595 /* Base */ = {isa = PBXFileReference; lastKnownFileType = file.storyboard; name = Base; path = Base.lproj/LaunchScreen.storyboard; sourceTree = "<group>"; };
		FF83D9E72A3BA0FB000AF595 /* Info.plist */ = {isa = PBXFileReference; lastKnownFileType = text.plist.xml; path = Info.plist; sourceTree = "<group>"; };
		FF83D9ED2A3BA12E000AF595 /* AppUserDefaults.swift */ = {isa = PBXFileReference; lastKnownFileType = sourcecode.swift; path = AppUserDefaults.swift; sourceTree = "<group>"; };
		FF83D9EF2A3BA17E000AF595 /* UserDefaultsPropertyWrapper.swift */ = {isa = PBXFileReference; lastKnownFileType = sourcecode.swift; path = UserDefaultsPropertyWrapper.swift; sourceTree = "<group>"; };
		FF83D9F22A3BA21A000AF595 /* UserDefaultsObservation.swift */ = {isa = PBXFileReference; lastKnownFileType = sourcecode.swift; path = UserDefaultsObservation.swift; sourceTree = "<group>"; };
/* End PBXFileReference section */

/* Begin PBXFrameworksBuildPhase section */
		FF83D9D32A3BA0FA000AF595 /* Frameworks */ = {
			isa = PBXFrameworksBuildPhase;
			buildActionMask = 2147483647;
			files = (
			);
			runOnlyForDeploymentPostprocessing = 0;
		};
/* End PBXFrameworksBuildPhase section */

/* Begin PBXGroup section */
		FF83D9CD2A3BA0FA000AF595 = {
			isa = PBXGroup;
			children = (
				FF83D9D82A3BA0FA000AF595 /* UserDefaultsAbstractionLayer */,
				FF83D9D72A3BA0FA000AF595 /* Products */,
			);
			sourceTree = "<group>";
		};
		FF83D9D72A3BA0FA000AF595 /* Products */ = {
			isa = PBXGroup;
			children = (
				FF83D9D62A3BA0FA000AF595 /* UserDefaultsAbstractionLayer.app */,
			);
			name = Products;
			sourceTree = "<group>";
		};
		FF83D9D82A3BA0FA000AF595 /* UserDefaultsAbstractionLayer */ = {
			isa = PBXGroup;
			children = (
				FF83D9D92A3BA0FA000AF595 /* AppDelegate.swift */,
				FF83D9DB2A3BA0FA000AF595 /* SceneDelegate.swift */,
				FF83D9DD2A3BA0FA000AF595 /* ViewController.swift */,
				FF83D9F12A3BA18B000AF595 /* UserDefaultsService */,
				FF83D9DF2A3BA0FA000AF595 /* Main.storyboard */,
				FF83D9E22A3BA0FB000AF595 /* Assets.xcassets */,
				FF83D9E42A3BA0FB000AF595 /* LaunchScreen.storyboard */,
				FF83D9E72A3BA0FB000AF595 /* Info.plist */,
			);
			path = UserDefaultsAbstractionLayer;
			sourceTree = "<group>";
		};
		FF83D9F12A3BA18B000AF595 /* UserDefaultsService */ = {
			isa = PBXGroup;
			children = (
				FF83D9ED2A3BA12E000AF595 /* AppUserDefaults.swift */,
				FF83D9EF2A3BA17E000AF595 /* UserDefaultsPropertyWrapper.swift */,
				FF83D9F22A3BA21A000AF595 /* UserDefaultsObservation.swift */,
			);
			path = UserDefaultsService;
			sourceTree = "<group>";
		};
/* End PBXGroup section */

/* Begin PBXNativeTarget section */
		FF83D9D52A3BA0FA000AF595 /* UserDefaultsAbstractionLayer */ = {
			isa = PBXNativeTarget;
			buildConfigurationList = FF83D9EA2A3BA0FB000AF595 /* Build configuration list for PBXNativeTarget "UserDefaultsAbstractionLayer" */;
			buildPhases = (
				FF83D9D22A3BA0FA000AF595 /* Sources */,
				FF83D9D32A3BA0FA000AF595 /* Frameworks */,
				FF83D9D42A3BA0FA000AF595 /* Resources */,
			);
			buildRules = (
			);
			dependencies = (
			);
			name = UserDefaultsAbstractionLayer;
			productName = UserDefaultsAbstractionLayer;
			productReference = FF83D9D62A3BA0FA000AF595 /* UserDefaultsAbstractionLayer.app */;
			productType = "com.apple.product-type.application";
		};
/* End PBXNativeTarget section */

/* Begin PBXProject section */
		FF83D9CE2A3BA0FA000AF595 /* Project object */ = {
			isa = PBXProject;
			attributes = {
				BuildIndependentTargetsInParallel = 1;
				LastSwiftUpdateCheck = 1430;
				LastUpgradeCheck = 1430;
				TargetAttributes = {
					FF83D9D52A3BA0FA000AF595 = {
						CreatedOnToolsVersion = 14.3.1;
					};
				};
			};
			buildConfigurationList = FF83D9D12A3BA0FA000AF595 /* Build configuration list for PBXProject "UserDefaultsAbstractionLayer" */;
			compatibilityVersion = "Xcode 14.0";
			developmentRegion = en;
			hasScannedForEncodings = 0;
			knownRegions = (
				en,
				Base,
			);
			mainGroup = FF83D9CD2A3BA0FA000AF595;
			productRefGroup = FF83D9D72A3BA0FA000AF595 /* Products */;
			projectDirPath = "";
			projectRoot = "";
			targets = (
				FF83D9D52A3BA0FA000AF595 /* UserDefaultsAbstractionLayer */,
			);
		};
/* End PBXProject section */

/* Begin PBXResourcesBuildPhase section */
		FF83D9D42A3BA0FA000AF595 /* Resources */ = {
			isa = PBXResourcesBuildPhase;
			buildActionMask = 2147483647;
			files = (
				FF83D9E62A3BA0FB000AF595 /* LaunchScreen.storyboard in Resources */,
				FF83D9E32A3BA0FB000AF595 /* Assets.xcassets in Resources */,
				FF83D9E12A3BA0FA000AF595 /* Main.storyboard in Resources */,
			);
			runOnlyForDeploymentPostprocessing = 0;
		};
/* End PBXResourcesBuildPhase section */

/* Begin PBXSourcesBuildPhase section */
		FF83D9D22A3BA0FA000AF595 /* Sources */ = {
			isa = PBXSourcesBuildPhase;
			buildActionMask = 2147483647;
			files = (
				FF83D9EE2A3BA12E000AF595 /* AppUserDefaults.swift in Sources */,
				FF83D9DE2A3BA0FA000AF595 /* ViewController.swift in Sources */,
				FF83D9DA2A3BA0FA000AF595 /* AppDelegate.swift in Sources */,
				FF83D9F32A3BA21A000AF595 /* UserDefaultsObservation.swift in Sources */,
				FF83D9F02A3BA17E000AF595 /* UserDefaultsPropertyWrapper.swift in Sources */,
				FF83D9DC2A3BA0FA000AF595 /* SceneDelegate.swift in Sources */,
			);
			runOnlyForDeploymentPostprocessing = 0;
		};
/* End PBXSourcesBuildPhase section */

/* Begin PBXVariantGroup section */
		FF83D9DF2A3BA0FA000AF595 /* Main.storyboard */ = {
			isa = PBXVariantGroup;
			children = (
				FF83D9E02A3BA0FA000AF595 /* Base */,
			);
			name = Main.storyboard;
			sourceTree = "<group>";
		};
		FF83D9E42A3BA0FB000AF595 /* LaunchScreen.storyboard */ = {
			isa = PBXVariantGroup;
			children = (
				FF83D9E52A3BA0FB000AF595 /* Base */,
			);
			name = LaunchScreen.storyboard;
			sourceTree = "<group>";
		};
/* End PBXVariantGroup section */

/* Begin XCBuildConfiguration section */
		FF83D9E82A3BA0FB000AF595 /* Debug */ = {
			isa = XCBuildConfiguration;
			buildSettings = {
				ALWAYS_SEARCH_USER_PATHS = NO;
				CLANG_ANALYZER_NONNULL = YES;
				CLANG_ANALYZER_NUMBER_OBJECT_CONVERSION = YES_AGGRESSIVE;
				CLANG_CXX_LANGUAGE_STANDARD = "gnu++20";
				CLANG_ENABLE_MODULES = YES;
				CLANG_ENABLE_OBJC_ARC = YES;
				CLANG_ENABLE_OBJC_WEAK = YES;
				CLANG_WARN_BLOCK_CAPTURE_AUTORELEASING = YES;
				CLANG_WARN_BOOL_CONVERSION = YES;
				CLANG_WARN_COMMA = YES;
				CLANG_WARN_CONSTANT_CONVERSION = YES;
				CLANG_WARN_DEPRECATED_OBJC_IMPLEMENTATIONS = YES;
				CLANG_WARN_DIRECT_OBJC_ISA_USAGE = YES_ERROR;
				CLANG_WARN_DOCUMENTATION_COMMENTS = YES;
				CLANG_WARN_EMPTY_BODY = YES;
				CLANG_WARN_ENUM_CONVERSION = YES;
				CLANG_WARN_INFINITE_RECURSION = YES;
				CLANG_WARN_INT_CONVERSION = YES;
				CLANG_WARN_NON_LITERAL_NULL_CONVERSION = YES;
				CLANG_WARN_OBJC_IMPLICIT_RETAIN_SELF = YES;
				CLANG_WARN_OBJC_LITERAL_CONVERSION = YES;
				CLANG_WARN_OBJC_ROOT_CLASS = YES_ERROR;
				CLANG_WARN_QUOTED_INCLUDE_IN_FRAMEWORK_HEADER = YES;
				CLANG_WARN_RANGE_LOOP_ANALYSIS = YES;
				CLANG_WARN_STRICT_PROTOTYPES = YES;
				CLANG_WARN_SUSPICIOUS_MOVE = YES;
				CLANG_WARN_UNGUARDED_AVAILABILITY = YES_AGGRESSIVE;
				CLANG_WARN_UNREACHABLE_CODE = YES;
				CLANG_WARN__DUPLICATE_METHOD_MATCH = YES;
				COPY_PHASE_STRIP = NO;
				DEBUG_INFORMATION_FORMAT = dwarf;
				ENABLE_STRICT_OBJC_MSGSEND = YES;
				ENABLE_TESTABILITY = YES;
				GCC_C_LANGUAGE_STANDARD = gnu11;
				GCC_DYNAMIC_NO_PIC = NO;
				GCC_NO_COMMON_BLOCKS = YES;
				GCC_OPTIMIZATION_LEVEL = 0;
				GCC_PREPROCESSOR_DEFINITIONS = (
					"DEBUG=1",
					"$(inherited)",
				);
				GCC_WARN_64_TO_32_BIT_CONVERSION = YES;
				GCC_WARN_ABOUT_RETURN_TYPE = YES_ERROR;
				GCC_WARN_UNDECLARED_SELECTOR = YES;
				GCC_WARN_UNINITIALIZED_AUTOS = YES_AGGRESSIVE;
				GCC_WARN_UNUSED_FUNCTION = YES;
				GCC_WARN_UNUSED_VARIABLE = YES;
				IPHONEOS_DEPLOYMENT_TARGET = 16.4;
				MTL_ENABLE_DEBUG_INFO = INCLUDE_SOURCE;
				MTL_FAST_MATH = YES;
				ONLY_ACTIVE_ARCH = YES;
				SDKROOT = iphoneos;
				SWIFT_ACTIVE_COMPILATION_CONDITIONS = DEBUG;
				SWIFT_OPTIMIZATION_LEVEL = "-Onone";
			};
			name = Debug;
		};
		FF83D9E92A3BA0FB000AF595 /* Release */ = {
			isa = XCBuildConfiguration;
			buildSettings = {
				ALWAYS_SEARCH_USER_PATHS = NO;
				CLANG_ANALYZER_NONNULL = YES;
				CLANG_ANALYZER_NUMBER_OBJECT_CONVERSION = YES_AGGRESSIVE;
				CLANG_CXX_LANGUAGE_STANDARD = "gnu++20";
				CLANG_ENABLE_MODULES = YES;
				CLANG_ENABLE_OBJC_ARC = YES;
				CLANG_ENABLE_OBJC_WEAK = YES;
				CLANG_WARN_BLOCK_CAPTURE_AUTORELEASING = YES;
				CLANG_WARN_BOOL_CONVERSION = YES;
				CLANG_WARN_COMMA = YES;
				CLANG_WARN_CONSTANT_CONVERSION = YES;
				CLANG_WARN_DEPRECATED_OBJC_IMPLEMENTATIONS = YES;
				CLANG_WARN_DIRECT_OBJC_ISA_USAGE = YES_ERROR;
				CLANG_WARN_DOCUMENTATION_COMMENTS = YES;
				CLANG_WARN_EMPTY_BODY = YES;
				CLANG_WARN_ENUM_CONVERSION = YES;
				CLANG_WARN_INFINITE_RECURSION = YES;
				CLANG_WARN_INT_CONVERSION = YES;
				CLANG_WARN_NON_LITERAL_NULL_CONVERSION = YES;
				CLANG_WARN_OBJC_IMPLICIT_RETAIN_SELF = YES;
				CLANG_WARN_OBJC_LITERAL_CONVERSION = YES;
				CLANG_WARN_OBJC_ROOT_CLASS = YES_ERROR;
				CLANG_WARN_QUOTED_INCLUDE_IN_FRAMEWORK_HEADER = YES;
				CLANG_WARN_RANGE_LOOP_ANALYSIS = YES;
				CLANG_WARN_STRICT_PROTOTYPES = YES;
				CLANG_WARN_SUSPICIOUS_MOVE = YES;
				CLANG_WARN_UNGUARDED_AVAILABILITY = YES_AGGRESSIVE;
				CLANG_WARN_UNREACHABLE_CODE = YES;
				CLANG_WARN__DUPLICATE_METHOD_MATCH = YES;
				COPY_PHASE_STRIP = NO;
				DEBUG_INFORMATION_FORMAT = "dwarf-with-dsym";
				ENABLE_NS_ASSERTIONS = NO;
				ENABLE_STRICT_OBJC_MSGSEND = YES;
				GCC_C_LANGUAGE_STANDARD = gnu11;
				GCC_NO_COMMON_BLOCKS = YES;
				GCC_WARN_64_TO_32_BIT_CONVERSION = YES;
				GCC_WARN_ABOUT_RETURN_TYPE = YES_ERROR;
				GCC_WARN_UNDECLARED_SELECTOR = YES;
				GCC_WARN_UNINITIALIZED_AUTOS = YES_AGGRESSIVE;
				GCC_WARN_UNUSED_FUNCTION = YES;
				GCC_WARN_UNUSED_VARIABLE = YES;
				IPHONEOS_DEPLOYMENT_TARGET = 16.4;
				MTL_ENABLE_DEBUG_INFO = NO;
				MTL_FAST_MATH = YES;
				SDKROOT = iphoneos;
				SWIFT_COMPILATION_MODE = wholemodule;
				SWIFT_OPTIMIZATION_LEVEL = "-O";
				VALIDATE_PRODUCT = YES;
			};
			name = Release;
		};
		FF83D9EB2A3BA0FB000AF595 /* Debug */ = {
			isa = XCBuildConfiguration;
			buildSettings = {
				ASSETCATALOG_COMPILER_APPICON_NAME = AppIcon;
				ASSETCATALOG_COMPILER_GLOBAL_ACCENT_COLOR_NAME = AccentColor;
				CODE_SIGN_STYLE = Automatic;
				CURRENT_PROJECT_VERSION = 1;
				DEVELOPMENT_TEAM = 8395HM2DQS;
				GENERATE_INFOPLIST_FILE = YES;
				INFOPLIST_FILE = UserDefaultsAbstractionLayer/Info.plist;
				INFOPLIST_KEY_UIApplicationSupportsIndirectInputEvents = YES;
				INFOPLIST_KEY_UILaunchStoryboardName = LaunchScreen;
				INFOPLIST_KEY_UIMainStoryboardFile = Main;
				INFOPLIST_KEY_UISupportedInterfaceOrientations_iPad = "UIInterfaceOrientationPortrait UIInterfaceOrientationPortraitUpsideDown UIInterfaceOrientationLandscapeLeft UIInterfaceOrientationLandscapeRight";
				INFOPLIST_KEY_UISupportedInterfaceOrientations_iPhone = "UIInterfaceOrientationPortrait UIInterfaceOrientationLandscapeLeft UIInterfaceOrientationLandscapeRight";
				LD_RUNPATH_SEARCH_PATHS = (
					"$(inherited)",
					"@executable_path/Frameworks",
				);
				MARKETING_VERSION = 1.0;
				PRODUCT_BUNDLE_IDENTIFIER = com.gabrielCastillo.UserDefaultsAbstractionLayer;
				PRODUCT_NAME = "$(TARGET_NAME)";
				SWIFT_EMIT_LOC_STRINGS = YES;
				SWIFT_VERSION = 5.0;
				TARGETED_DEVICE_FAMILY = "1,2";
			};
			name = Debug;
		};
		FF83D9EC2A3BA0FB000AF595 /* Release */ = {
			isa = XCBuildConfiguration;
			buildSettings = {
				ASSETCATALOG_COMPILER_APPICON_NAME = AppIcon;
				ASSETCATALOG_COMPILER_GLOBAL_ACCENT_COLOR_NAME = AccentColor;
				CODE_SIGN_STYLE = Automatic;
				CURRENT_PROJECT_VERSION = 1;
				DEVELOPMENT_TEAM = 8395HM2DQS;
				GENERATE_INFOPLIST_FILE = YES;
				INFOPLIST_FILE = UserDefaultsAbstractionLayer/Info.plist;
				INFOPLIST_KEY_UIApplicationSupportsIndirectInputEvents = YES;
				INFOPLIST_KEY_UILaunchStoryboardName = LaunchScreen;
				INFOPLIST_KEY_UIMainStoryboardFile = Main;
				INFOPLIST_KEY_UISupportedInterfaceOrientations_iPad = "UIInterfaceOrientationPortrait UIInterfaceOrientationPortraitUpsideDown UIInterfaceOrientationLandscapeLeft UIInterfaceOrientationLandscapeRight";
				INFOPLIST_KEY_UISupportedInterfaceOrientations_iPhone = "UIInterfaceOrientationPortrait UIInterfaceOrientationLandscapeLeft UIInterfaceOrientationLandscapeRight";
				LD_RUNPATH_SEARCH_PATHS = (
					"$(inherited)",
					"@executable_path/Frameworks",
				);
				MARKETING_VERSION = 1.0;
				PRODUCT_BUNDLE_IDENTIFIER = com.gabrielCastillo.UserDefaultsAbstractionLayer;
				PRODUCT_NAME = "$(TARGET_NAME)";
				SWIFT_EMIT_LOC_STRINGS = YES;
				SWIFT_VERSION = 5.0;
				TARGETED_DEVICE_FAMILY = "1,2";
			};
			name = Release;
		};
/* End XCBuildConfiguration section */

/* Begin XCConfigurationList section */
		FF83D9D12A3BA0FA000AF595 /* Build configuration list for PBXProject "UserDefaultsAbstractionLayer" */ = {
			isa = XCConfigurationList;
			buildConfigurations = (
				FF83D9E82A3BA0FB000AF595 /* Debug */,
				FF83D9E92A3BA0FB000AF595 /* Release */,
			);
			defaultConfigurationIsVisible = 0;
			defaultConfigurationName = Release;
		};
		FF83D9EA2A3BA0FB000AF595 /* Build configuration list for PBXNativeTarget "UserDefaultsAbstractionLayer" */ = {
			isa = XCConfigurationList;
			buildConfigurations = (
				FF83D9EB2A3BA0FB000AF595 /* Debug */,
				FF83D9EC2A3BA0FB000AF595 /* Release */,
			);
			defaultConfigurationIsVisible = 0;
			defaultConfigurationName = Release;
		};
/* End XCConfigurationList section */
	};
	rootObject = FF83D9CE2A3BA0FA000AF595 /* Project object */;
}
